
Microsoft Visual Studio Solution File, Format Version 12.00
# Visual Studio 15
VisualStudioVersion = 15.0.26430.16
MinimumVisualStudioVersion = 10.0.40219.1
Project("{9A19103F-16F7-4668-BE54-9A1E7A4F7556}") = "UFOSightings", "UFOSightings\UFOSightings.csproj", "{6D19E99C-8D23-408F-ACFD-9B71B4280D9B}"
EndProject
Project("{9A19103F-16F7-4668-BE54-9A1E7A4F7556}") = "UFOSightings.BL", "UFOSightings.BL\UFOSightings.BL.csproj", "{012B6A61-0A78-4984-9065-38BBCE4BA252}"
EndProject
Project("{9A19103F-16F7-4668-BE54-9A1E7A4F7556}") = "UFOSightings.DAL", "UFOSightings.DAL\UFOSightings.DAL.csproj", "{CF7DB0A8-3D5F-4D13-89CB-F1F32DD2F91E}"
EndProject
Global
	GlobalSection(SolutionConfigurationPlatforms) = preSolution
		Debug|Any CPU = Debug|Any CPU
		Release|Any CPU = Release|Any CPU
	EndGlobalSection
	GlobalSection(ProjectConfigurationPlatforms) = postSolution
		{6D19E99C-8D23-408F-ACFD-9B71B4280D9B}.Debug|Any CPU.ActiveCfg = Debug|Any CPU
		{6D19E99C-8D23-408F-ACFD-9B71B4280D9B}.Debug|Any CPU.Build.0 = Debug|Any CPU
		{6D19E99C-8D23-408F-ACFD-9B71B4280D9B}.Release|Any CPU.ActiveCfg = Release|Any CPU
		{6D19E99C-8D23-408F-ACFD-9B71B4280D9B}.Release|Any CPU.Build.0 = Release|Any CPU
		{012B6A61-0A78-4984-9065-38BBCE4BA252}.Debug|Any CPU.ActiveCfg = Debug|Any CPU
		{012B6A61-0A78-4984-9065-38BBCE4BA252}.Debug|Any CPU.Build.0 = Debug|Any CPU
		{012B6A61-0A78-4984-9065-38BBCE4BA252}.Release|Any CPU.ActiveCfg = Release|Any CPU
		{012B6A61-0A78-4984-9065-38BBCE4BA252}.Release|Any CPU.Build.0 = Release|Any CPU
		{CF7DB0A8-3D5F-4D13-89CB-F1F32DD2F91E}.Debug|Any CPU.ActiveCfg = Debug|Any CPU
		{CF7DB0A8-3D5F-4D13-89CB-F1F32DD2F91E}.Debug|Any CPU.Build.0 = Debug|Any CPU
		{CF7DB0A8-3D5F-4D13-89CB-F1F32DD2F91E}.Release|Any CPU.ActiveCfg = Release|Any CPU
		{CF7DB0A8-3D5F-4D13-89CB-F1F32DD2F91E}.Release|Any CPU.Build.0 = Release|Any CPU
	EndGlobalSection
	GlobalSection(SolutionProperties) = preSolution
		HideSolutionNode = FALSE
	EndGlobalSection
EndGlobal
